{
  "name": "snake",
  "version": "1.0.0",
  "lockfileVersion": 1,
  "requires": true,
  "dependencies": {
    "ansi": {
      "version": "0.3.1",
      "resolved": "https://registry.npmjs.org/ansi/-/ansi-0.3.1.tgz",
      "integrity": "sha1-DELU+xcWDVqa8eSEus4cZpIsGyE="
    },
    "keypress": {
      "version": "0.2.1",
      "resolved": "https://registry.npmjs.org/keypress/-/keypress-0.2.1.tgz",
      "integrity": "sha1-HoBFQlABjbrUw/6USX1uZ7YmnHc="
    },
    "terminal-game-io": {
      "version": "3.1.0",
      "resolved": "https://registry.npmjs.org/terminal-game-io/-/terminal-game-io-3.1.0.tgz",
      "integrity": "sha512-lbYlAGe2QG2FJ6zbJP6hXuRiGH/tAmloDsdK4I8W3/+Mdv9lgpVogR/o0IGMssgBsAlOmi0lw6klkdyJMLStIg=="
    }
  }
}
